// !$*UTF8*$!
{
	archiveVersion = 1;
	classes = {
	};
	objectVersion = 46;
	objects = {

/* Begin PBXBuildFile section */
		B11A99491C757C2B001B4835 /* AppDelegate.swift in Sources */ = {isa = PBXBuildFile; fileRef = B11A99481C757C2B001B4835 /* AppDelegate.swift */; };
		B11A994B1C757C2B001B4835 /* ViewController.swift in Sources */ = {isa = PBXBuildFile; fileRef = B11A994A1C757C2B001B4835 /* ViewController.swift */; };
		B11A994E1C757C2B001B4835 /* Main.storyboard in Resources */ = {isa = PBXBuildFile; fileRef = B11A994C1C757C2B001B4835 /* Main.storyboard */; };
		B11A99501C757C2B001B4835 /* Assets.xcassets in Resources */ = {isa = PBXBuildFile; fileRef = B11A994F1C757C2B001B4835 /* Assets.xcassets */; };
		B11A99531C757C2B001B4835 /* LaunchScreen.storyboard in Resources */ = {isa = PBXBuildFile; fileRef = B11A99511C757C2B001B4835 /* LaunchScreen.storyboard */; };
		B11A995E1C757C2B001B4835 /* FlashlightTests.swift in Sources */ = {isa = PBXBuildFile; fileRef = B11A995D1C757C2B001B4835 /* FlashlightTests.swift */; };
		B11A99691C757C2B001B4835 /* FlashlightUITests.swift in Sources */ = {isa = PBXBuildFile; fileRef = B11A99681C757C2B001B4835 /* FlashlightUITests.swift */; };
/* End PBXBuildFile section */

/* Begin PBXContainerItemProxy section */
		B11A995A1C757C2B001B4835 /* PBXContainerItemProxy */ = {
			isa = PBXContainerItemProxy;
			containerPortal = B11A993D1C757C2B001B4835 /* Project object */;
			proxyType = 1;
			remoteGlobalIDString = B11A99441C757C2B001B4835;
			remoteInfo = Flashlight;
		};
		B11A99651C757C2B001B4835 /* PBXContainerItemProxy */ = {
			isa = PBXContainerItemProxy;
			containerPortal = B11A993D1C757C2B001B4835 /* Project object */;
			proxyType = 1;
			remoteGlobalIDString = B11A99441C757C2B001B4835;
			remoteInfo = Flashlight;
		};
/* End PBXContainerItemProxy section */

/* Begin PBXFileReference section */
		B11A99451C757C2B001B4835 /* Flashlight.app */ = {isa = PBXFileReference; explicitFileType = wrapper.application; includeInIndex = 0; path = Flashlight.app; sourceTree = BUILT_PRODUCTS_DIR; };
		B11A99481C757C2B001B4835 /* AppDelegate.swift */ = {isa = PBXFileReference; lastKnownFileType = sourcecode.swift; path = AppDelegate.swift; sourceTree = "<group>"; };
		B11A994A1C757C2B001B4835 /* ViewController.swift */ = {isa = PBXFileReference; lastKnownFileType = sourcecode.swift; path = ViewController.swift; sourceTree = "<group>"; };
		B11A994D1C757C2B001B4835 /* Base */ = {isa = PBXFileReference; lastKnownFileType = file.storyboard; name = Base; path = Base.lproj/Main.storyboard; sourceTree = "<group>"; };
		B11A994F1C757C2B001B4835 /* Assets.xcassets */ = {isa = PBXFileReference; lastKnownFileType = folder.assetcatalog; path = Assets.xcassets; sourceTree = "<group>"; };
		B11A99521C757C2B001B4835 /* Base */ = {isa = PBXFileReference; lastKnownFileType = file.storyboard; name = Base; path = Base.lproj/LaunchScreen.storyboard; sourceTree = "<group>"; };
		B11A99541C757C2B001B4835 /* Info.plist */ = {isa = PBXFileReference; lastKnownFileType = text.plist.xml; path = Info.plist; sourceTree = "<group>"; };
		B11A99591C757C2B001B4835 /* FlashlightTests.xctest */ = {isa = PBXFileReference; explicitFileType = wrapper.cfbundle; includeInIndex = 0; path = FlashlightTests.xctest; sourceTree = BUILT_PRODUCTS_DIR; };
		B11A995D1C757C2B001B4835 /* FlashlightTests.swift */ = {isa = PBXFileReference; lastKnownFileType = sourcecode.swift; path = FlashlightTests.swift; sourceTree = "<group>"; };
		B11A995F1C757C2B001B4835 /* Info.plist */ = {isa = PBXFileReference; lastKnownFileType = text.plist.xml; path = Info.plist; sourceTree = "<group>"; };
		B11A99641C757C2B001B4835 /* FlashlightUITests.xctest */ = {isa = PBXFileReference; explicitFileType = wrapper.cfbundle; includeInIndex = 0; path = FlashlightUITests.xctest; sourceTree = BUILT_PRODUCTS_DIR; };
		B11A99681C757C2B001B4835 /* FlashlightUITests.swift */ = {isa = PBXFileReference; lastKnownFileType = sourcecode.swift; path = FlashlightUITests.swift; sourceTree = "<group>"; };
		B11A996A1C757C2B001B4835 /* Info.plist */ = {isa = PBXFileReference; lastKnownFileType = text.plist.xml; path = Info.plist; sourceTree = "<group>"; };
/* End PBXFileReference section */

/* Begin PBXFrameworksBuildPhase section */
		B11A99421C757C2B001B4835 /* Frameworks */ = {
			isa = PBXFrameworksBuildPhase;
			buildActionMask = 2147483647;
			files = (
			);
			runOnlyForDeploymentPostprocessing = 0;
		};
		B11A99561C757C2B001B4835 /* Frameworks */ = {
			isa = PBXFrameworksBuildPhase;
			buildActionMask = 2147483647;
			files = (
			);
			runOnlyForDeploymentPostprocessing = 0;
		};
		B11A99611C757C2B001B4835 /* Frameworks */ = {
			isa = PBXFrameworksBuildPhase;
			buildActionMask = 2147483647;
			files = (
			);
			runOnlyForDeploymentPostprocessing = 0;
		};
/* End PBXFrameworksBuildPhase section */

/* Begin PBXGroup section */
		B11A993C1C757C2B001B4835 = {
			isa = PBXGroup;
			children = (
				B11A99471C757C2B001B4835 /* Flashlight */,
				B11A995C1C757C2B001B4835 /* FlashlightTests */,
				B11A99671C757C2B001B4835 /* FlashlightUITests */,
				B11A99461C757C2B001B4835 /* Products */,
			);
			sourceTree = "<group>";
		};
		B11A99461C757C2B001B4835 /* Products */ = {
			isa = PBXGroup;
			children = (
				B11A99451C757C2B001B4835 /* Flashlight.app */,
				B11A99591C757C2B001B4835 /* FlashlightTests.xctest */,
				B11A99641C757C2B001B4835 /* FlashlightUITests.xctest */,
			);
			name = Products;
			sourceTree = "<group>";
		};
		B11A99471C757C2B001B4835 /* Flashlight */ = {
			isa = PBXGroup;
			children = (
				B11A99481C757C2B001B4835 /* AppDelegate.swift */,
				B11A994A1C757C2B001B4835 /* ViewController.swift */,
				B11A994C1C757C2B001B4835 /* Main.storyboard */,
				B11A994F1C757C2B001B4835 /* Assets.xcassets */,
				B11A99511C757C2B001B4835 /* LaunchScreen.storyboard */,
				B11A99541C757C2B001B4835 /* Info.plist */,
			);
			path = Flashlight;
			sourceTree = "<group>";
		};
		B11A995C1C757C2B001B4835 /* FlashlightTests */ = {
			isa = PBXGroup;
			children = (
				B11A995D1C757C2B001B4835 /* FlashlightTests.swift */,
				B11A995F1C757C2B001B4835 /* Info.plist */,
			);
			path = FlashlightTests;
			sourceTree = "<group>";
		};
		B11A99671C757C2B001B4835 /* FlashlightUITests */ = {
			isa = PBXGroup;
			children = (
				B11A99681C757C2B001B4835 /* FlashlightUITests.swift */,
				B11A996A1C757C2B001B4835 /* Info.plist */,
			);
			path = FlashlightUITests;
			sourceTree = "<group>";
		};
/* End PBXGroup section */

/* Begin PBXNativeTarget section */
		B11A99441C757C2B001B4835 /* Flashlight */ = {
			isa = PBXNativeTarget;
			buildConfigurationList = B11A996D1C757C2B001B4835 /* Build configuration list for PBXNativeTarget "Flashlight" */;
			buildPhases = (
				B11A99411C757C2B001B4835 /* Sources */,
				B11A99421C757C2B001B4835 /* Frameworks */,
				B11A99431C757C2B001B4835 /* Resources */,
			);
			buildRules = (
			);
			dependencies = (
			);
			name = Flashlight;
			productName = Flashlight;
			productReference = B11A99451C757C2B001B4835 /* Flashlight.app */;
			productType = "com.apple.product-type.application";
		};
		B11A99581C757C2B001B4835 /* FlashlightTests */ = {
			isa = PBXNativeTarget;
			buildConfigurationList = B11A99701C757C2B001B4835 /* Build configuration list for PBXNativeTarget "FlashlightTests" */;
			buildPhases = (
				B11A99551C757C2B001B4835 /* Sources */,
				B11A99561C757C2B001B4835 /* Frameworks */,
				B11A99571C757C2B001B4835 /* Resources */,
			);
			buildRules = (
			);
			dependencies = (
				B11A995B1C757C2B001B4835 /* PBXTargetDependency */,
			);
			name = FlashlightTests;
			productName = FlashlightTests;
			productReference = B11A99591C757C2B001B4835 /* FlashlightTests.xctest */;
			productType = "com.apple.product-type.bundle.unit-test";
		};
		B11A99631C757C2B001B4835 /* FlashlightUITests */ = {
			isa = PBXNativeTarget;
			buildConfigurationList = B11A99731C757C2B001B4835 /* Build configuration list for PBXNativeTarget "FlashlightUITests" */;
			buildPhases = (
				B11A99601C757C2B001B4835 /* Sources */,
				B11A99611C757C2B001B4835 /* Frameworks */,
				B11A99621C757C2B001B4835 /* Resources */,
			);
			buildRules = (
			);
			dependencies = (
				B11A99661C757C2B001B4835 /* PBXTargetDependency */,
			);
			name = FlashlightUITests;
			productName = FlashlightUITests;
			productReference = B11A99641C757C2B001B4835 /* FlashlightUITests.xctest */;
			productType = "com.apple.product-type.bundle.ui-testing";
		};
/* End PBXNativeTarget section */

/* Begin PBXProject section */
		B11A993D1C757C2B001B4835 /* Project object */ = {
			isa = PBXProject;
			attributes = {
				LastSwiftUpdateCheck = 0720;
				LastUpgradeCheck = 0720;
				ORGANIZATIONNAME = "Mansi Shah";
				TargetAttributes = {
					B11A99441C757C2B001B4835 = {
						CreatedOnToolsVersion = 7.2.1;
					};
					B11A99581C757C2B001B4835 = {
						CreatedOnToolsVersion = 7.2.1;
						TestTargetID = B11A99441C757C2B001B4835;
					};
					B11A99631C757C2B001B4835 = {
						CreatedOnToolsVersion = 7.2.1;
						TestTargetID = B11A99441C757C2B001B4835;
					};
				};
			};
			buildConfigurationList = B11A99401C757C2B001B4835 /* Build configuration list for PBXProject "Flashlight" */;
			compatibilityVersion = "Xcode 3.2";
			developmentRegion = English;
			hasScannedForEncodings = 0;
			knownRegions = (
				en,
				Base,
			);
			mainGroup = B11A993C1C757C2B001B4835;
			productRefGroup = B11A99461C757C2B001B4835 /* Products */;
			projectDirPath = "";
			projectRoot = "";
			targets = (
				B11A99441C757C2B001B4835 /* Flashlight */,
				B11A99581C757C2B001B4835 /* FlashlightTests */,
				B11A99631C757C2B001B4835 /* FlashlightUITests */,
			);
		};
/* End PBXProject section */

/* Begin PBXResourcesBuildPhase section */
		B11A99431C757C2B001B4835 /* Resources */ = {
			isa = PBXResourcesBuildPhase;
			buildActionMask = 2147483647;
			files = (
				B11A99531C757C2B001B4835 /* LaunchScreen.storyboard in Resources */,
				B11A99501C757C2B001B4835 /* Assets.xcassets in Resources */,
				B11A994E1C757C2B001B4835 /* Main.storyboard in Resources */,
			);
			runOnlyForDeploymentPostprocessing = 0;
		};
		B11A99571C757C2B001B4835 /* Resources */ = {
			isa = PBXResourcesBuildPhase;
			buildActionMask = 2147483647;
			files = (
			);
			runOnlyForDeploymentPostprocessing = 0;
		};
		B11A99621C757C2B001B4835 /* Resources */ = {
			isa = PBXResourcesBuildPhase;
			buildActionMask = 2147483647;
			files = (
			);
			runOnlyForDeploymentPostprocessing = 0;
		};
/* End PBXResourcesBuildPhase section */

/* Begin PBXSourcesBuildPhase section */
		B11A99411C757C2B001B4835 /* Sources */ = {
			isa = PBXSourcesBuildPhase;
			buildActionMask = 2147483647;
			files = (
				B11A994B1C757C2B001B4835 /* ViewController.swift in Sources */,
				B11A99491C757C2B001B4835 /* AppDelegate.swift in Sources */,
			);
			runOnlyForDeploymentPostprocessing = 0;
		};
		B11A99551C757C2B001B4835 /* Sources */ = {
			isa = PBXSourcesBuildPhase;
			buildActionMask = 2147483647;
			files = (
				B11A995E1C757C2B001B4835 /* FlashlightTests.swift in Sources */,
			);
			runOnlyForDeploymentPostprocessing = 0;
		};
		B11A99601C757C2B001B4835 /* Sources */ = {
			isa = PBXSourcesBuildPhase;
			buildActionMask = 2147483647;
			files = (
				B11A99691C757C2B001B4835 /* FlashlightUITests.swift in Sources */,
			);
			runOnlyForDeploymentPostprocessing = 0;
		};
/* End PBXSourcesBuildPhase section */

/* Begin PBXTargetDependency section */
		B11A995B1C757C2B001B4835 /* PBXTargetDependency */ = {
			isa = PBXTargetDependency;
			target = B11A99441C757C2B001B4835 /* Flashlight */;
			targetProxy = B11A995A1C757C2B001B4835 /* PBXContainerItemProxy */;
		};
		B11A99661C757C2B001B4835 /* PBXTargetDependency */ = {
			isa = PBXTargetDependency;
			target = B11A99441C757C2B001B4835 /* Flashlight */;
			targetProxy = B11A99651C757C2B001B4835 /* PBXContainerItemProxy */;
		};
/* End PBXTargetDependency section */

/* Begin PBXVariantGroup section */
		B11A994C1C757C2B001B4835 /* Main.storyboard */ = {
			isa = PBXVariantGroup;
			children = (
				B11A994D1C757C2B001B4835 /* Base */,
			);
			name = Main.storyboard;
			sourceTree = "<group>";
		};
		B11A99511C757C2B001B4835 /* LaunchScreen.storyboard */ = {
			isa = PBXVariantGroup;
			children = (
				B11A99521C757C2B001B4835 /* Base */,
			);
			name = LaunchScreen.storyboard;
			sourceTree = "<group>";
		};
/* End PBXVariantGroup section */

/* Begin XCBuildConfiguration section */
		B11A996B1C757C2B001B4835 /* Debug */ = {
			isa = XCBuildConfiguration;
			buildSettings = {
				ALWAYS_SEARCH_USER_PATHS = NO;
				CLANG_CXX_LANGUAGE_STANDARD = "gnu++0x";
				CLANG_CXX_LIBRARY = "libc++";
				CLANG_ENABLE_MODULES = YES;
				CLANG_ENABLE_OBJC_ARC = YES;
				CLANG_WARN_BOOL_CONVERSION = YES;
				CLANG_WARN_CONSTANT_CONVERSION = YES;
				CLANG_WARN_DIRECT_OBJC_ISA_USAGE = YES_ERROR;
				CLANG_WARN_EMPTY_BODY = YES;
				CLANG_WARN_ENUM_CONVERSION = YES;
				CLANG_WARN_INT_CONVERSION = YES;
				CLANG_WARN_OBJC_ROOT_CLASS = YES_ERROR;
				CLANG_WARN_UNREACHABLE_CODE = YES;
				CLANG_WARN__DUPLICATE_METHOD_MATCH = YES;
				"CODE_SIGN_IDENTITY[sdk=iphoneos*]" = "iPhone Developer";
				COPY_PHASE_STRIP = NO;
				DEBUG_INFORMATION_FORMAT = dwarf;
				ENABLE_STRICT_OBJC_MSGSEND = YES;
				ENABLE_TESTABILITY = YES;
				GCC_C_LANGUAGE_STANDARD = gnu99;
				GCC_DYNAMIC_NO_PIC = NO;
				GCC_NO_COMMON_BLOCKS = YES;
				GCC_OPTIMIZATION_LEVEL = 0;
				GCC_PREPROCESSOR_DEFINITIONS = (
					"DEBUG=1",
					"$(inherited)",
				);
				GCC_WARN_64_TO_32_BIT_CONVERSION = YES;
				GCC_WARN_ABOUT_RETURN_TYPE = YES_ERROR;
				GCC_WARN_UNDECLARED_SELECTOR = YES;
				GCC_WARN_UNINITIALIZED_AUTOS = YES_AGGRESSIVE;
				GCC_WARN_UNUSED_FUNCTION = YES;
				GCC_WARN_UNUSED_VARIABLE = YES;
				IPHONEOS_DEPLOYMENT_TARGET = 9.2;
				MTL_ENABLE_DEBUG_INFO = YES;
				ONLY_ACTIVE_ARCH = YES;
				SDKROOT = iphoneos;
				SWIFT_OPTIMIZATION_LEVEL = "-Onone";
				TARGETED_DEVICE_FAMILY = "1,2";
			};
			name = Debug;
		};
		B11A996C1C757C2B001B4835 /* Release */ = {
			isa = XCBuildConfiguration;
			buildSettings = {
				ALWAYS_SEARCH_USER_PATHS = NO;
				CLANG_CXX_LANGUAGE_STANDARD = "gnu++0x";
				CLANG_CXX_LIBRARY = "libc++";
				CLANG_ENABLE_MODULES = YES;
				CLANG_ENABLE_OBJC_ARC = YES;
				CLANG_WARN_BOOL_CONVERSION = YES;
				CLANG_WARN_CONSTANT_CONVERSION = YES;
				CLANG_WARN_DIRECT_OBJC_ISA_USAGE = YES_ERROR;
				CLANG_WARN_EMPTY_BODY = YES;
				CLANG_WARN_ENUM_CONVERSION = YES;
				CLANG_WARN_INT_CONVERSION = YES;
				CLANG_WARN_OBJC_ROOT_CLASS = YES_ERROR;
				CLANG_WARN_UNREACHABLE_CODE = YES;
				CLANG_WARN__DUPLICATE_METHOD_MATCH = YES;
				"CODE_SIGN_IDENTITY[sdk=iphoneos*]" = "iPhone Developer";
				COPY_PHASE_STRIP = NO;
				DEBUG_INFORMATION_FORMAT = "dwarf-with-dsym";
				ENABLE_NS_ASSERTIONS = NO;
				ENABLE_STRICT_OBJC_MSGSEND = YES;
				GCC_C_LANGUAGE_STANDARD = gnu99;
				GCC_NO_COMMON_BLOCKS = YES;
				GCC_WARN_64_TO_32_BIT_CONVERSION = YES;
				GCC_WARN_ABOUT_RETURN_TYPE = YES_ERROR;
				GCC_WARN_UNDECLARED_SELECTOR = YES;
				GCC_WARN_UNINITIALIZED_AUTOS = YES_AGGRESSIVE;
				GCC_WARN_UNUSED_FUNCTION = YES;
				GCC_WARN_UNUSED_VARIABLE = YES;
				IPHONEOS_DEPLOYMENT_TARGET = 9.2;
				MTL_ENABLE_DEBUG_INFO = NO;
				SDKROOT = iphoneos;
				TARGETED_DEVICE_FAMILY = "1,2";
				VALIDATE_PRODUCT = YES;
			};
			name = Release;
		};
		B11A996E1C757C2B001B4835 /* Debug */ = {
			isa = XCBuildConfiguration;
			buildSettings = {
				ASSETCATALOG_COMPILER_APPICON_NAME = AppIcon;
				INFOPLIST_FILE = Flashlight/Info.plist;
				LD_RUNPATH_SEARCH_PATHS = "$(inherited) @executable_path/Frameworks";
				PRODUCT_BUNDLE_IDENTIFIER = com.mshah.Flashlight;
				PRODUCT_NAME = "$(TARGET_NAME)";
			};
			name = Debug;
		};
		B11A996F1C757C2B001B4835 /* Release */ = {
			isa = XCBuildConfiguration;
			buildSettings = {
				ASSETCATALOG_COMPILER_APPICON_NAME = AppIcon;
				INFOPLIST_FILE = Flashlight/Info.plist;
				LD_RUNPATH_SEARCH_PATHS = "$(inherited) @executable_path/Frameworks";
				PRODUCT_BUNDLE_IDENTIFIER = com.mshah.Flashlight;
				PRODUCT_NAME = "$(TARGET_NAME)";
			};
			name = Release;
		};
		B11A99711C757C2B001B4835 /* Debug */ = {
			isa = XCBuildConfiguration;
			buildSettings = {
				BUNDLE_LOADER = "$(TEST_HOST)";
				INFOPLIST_FILE = FlashlightTests/Info.plist;
				LD_RUNPATH_SEARCH_PATHS = "$(inherited) @executable_path/Frameworks @loader_path/Frameworks";
				PRODUCT_BUNDLE_IDENTIFIER = com.mshah.FlashlightTests;
				PRODUCT_NAME = "$(TARGET_NAME)";
				TEST_HOST = "$(BUILT_PRODUCTS_DIR)/Flashlight.app/Flashlight";
			};
			name = Debug;
		};
		B11A99721C757C2B001B4835 /* Release */ = {
			isa = XCBuildConfiguration;
			buildSettings = {
				BUNDLE_LOADER = "$(TEST_HOST)";
				INFOPLIST_FILE = FlashlightTests/Info.plist;
				LD_RUNPATH_SEARCH_PATHS = "$(inherited) @executable_path/Frameworks @loader_path/Frameworks";
				PRODUCT_BUNDLE_IDENTIFIER = com.mshah.FlashlightTests;
				PRODUCT_NAME = "$(TARGET_NAME)";
				TEST_HOST = "$(BUILT_PRODUCTS_DIR)/Flashlight.app/Flashlight";
			};
			name = Release;
		};
		B11A99741C757C2B001B4835 /* Debug */ = {
			isa = XCBuildConfiguration;
			buildSettings = {
				INFOPLIST_FILE = FlashlightUITests/Info.plist;
				LD_RUNPATH_SEARCH_PATHS = "$(inherited) @executable_path/Frameworks @loader_path/Frameworks";
				PRODUCT_BUNDLE_IDENTIFIER = com.mshah.FlashlightUITests;
				PRODUCT_NAME = "$(TARGET_NAME)";
				TEST_TARGET_NAME = Flashlight;
				USES_XCTRUNNER = YES;
			};
			name = Debug;
		};
		B11A99751C757C2B001B4835 /* Release */ = {
			isa = XCBuildConfiguration;
			buildSettings = {
				INFOPLIST_FILE = FlashlightUITests/Info.plist;
				LD_RUNPATH_SEARCH_PATHS = "$(inherited) @executable_path/Frameworks @loader_path/Frameworks";
				PRODUCT_BUNDLE_IDENTIFIER = com.mshah.FlashlightUITests;
				PRODUCT_NAME = "$(TARGET_NAME)";
				TEST_TARGET_NAME = Flashlight;
				USES_XCTRUNNER = YES;
			};
			name = Release;
		};
/* End XCBuildConfiguration section */

/* Begin XCConfigurationList section */
		B11A99401C757C2B001B4835 /* Build configuration list for PBXProject "Flashlight" */ = {
			isa = XCConfigurationList;
			buildConfigurations = (
				B11A996B1C757C2B001B4835 /* Debug */,
				B11A996C1C757C2B001B4835 /* Release */,
			);
			defaultConfigurationIsVisible = 0;
			defaultConfigurationName = Release;
		};
		B11A996D1C757C2B001B4835 /* Build configuration list for PBXNativeTarget "Flashlight" */ = {
			isa = XCConfigurationList;
			buildConfigurations = (
				B11A996E1C757C2B001B4835 /* Debug */,
				B11A996F1C757C2B001B4835 /* Release */,
			);
			defaultConfigurationIsVisible = 0;
		};
		B11A99701C757C2B001B4835 /* Build configuration list for PBXNativeTarget "FlashlightTests" */ = {
			isa = XCConfigurationList;
			buildConfigurations = (
				B11A99711C757C2B001B4835 /* Debug */,
				B11A99721C757C2B001B4835 /* Release */,
			);
			defaultConfigurationIsVisible = 0;
		};
		B11A99731C757C2B001B4835 /* Build configuration list for PBXNativeTarget "FlashlightUITests" */ = {
			isa = XCConfigurationList;
			buildConfigurations = (
				B11A99741C757C2B001B4835 /* Debug */,
				B11A99751C757C2B001B4835 /* Release */,
			);
			defaultConfigurationIsVisible = 0;
		};
/* End XCConfigurationList section */
	};
	rootObject = B11A993D1C757C2B001B4835 /* Project object */;
}
